
Microsoft Visual Studio Solution File, Format Version 12.00
# Visual Studio Version 17
VisualStudioVersion = 17.2.32505.173
MinimumVisualStudioVersion = 10.0.40219.1
Project("{FAE04EC0-301F-11D3-BF4B-00C04F79EFBC}") = "sales-leads", "sales-leads\sales-leads.csproj", "{C4AE57F0-BDC9-4D23-97A8-6A4EDB158AF7}"
EndProject
Global
	GlobalSection(SolutionConfigurationPlatforms) = preSolution
		Debug|Any CPU = Debug|Any CPU
		Release|Any CPU = Release|Any CPU
	EndGlobalSection
	GlobalSection(ProjectConfigurationPlatforms) = postSolution
		{C4AE57F0-BDC9-4D23-97A8-6A4EDB158AF7}.Debug|Any CPU.ActiveCfg = Debug|Any CPU
		{C4AE57F0-BDC9-4D23-97A8-6A4EDB158AF7}.Debug|Any CPU.Build.0 = Debug|Any CPU
		{C4AE57F0-BDC9-4D23-97A8-6A4EDB158AF7}.Release|Any CPU.ActiveCfg = Release|Any CPU
		{C4AE57F0-BDC9-4D23-97A8-6A4EDB158AF7}.Release|Any CPU.Build.0 = Release|Any CPU
	EndGlobalSection
	GlobalSection(SolutionProperties) = preSolution
		HideSolutionNode = FALSE
	EndGlobalSection
	GlobalSection(ExtensibilityGlobals) = postSolution
		SolutionGuid = {0C488419-B947-48A8-B1C0-EB45BA57260B}
	EndGlobalSection
EndGlobal
